# This file is automatically @generated by Cargo.
# It is not intended for manual editing.
version = 3

[[package]]
name = "concerto-agent-host"
version = "0.0.1"

[[package]]
name = "concerto-cli"
version = "0.0.1"

[[package]]
name = "concerto-core"
version = "0.0.1"

[[package]]
name = "concerto-desktop-shell"
version = "0.0.1"

[[package]]
name = "concerto-error"
version = "0.0.1"

[[package]]
name = "concerto-gix-wrap"
version = "0.0.1"

[[package]]
name = "concerto-keychain"
version = "0.0.1"

[[package]]
name = "concerto-persist"
version = "0.0.1"

[[package]]
name = "concerto-proto"
version = "0.0.1"

[[package]]
name = "concerto-pty-sup"
version = "0.0.1"

[[package]]
name = "concerto-relay"
version = "0.0.1"

[[package]]
name = "concerto-transport"
version = "0.0.1"
